
Microsoft Visual Studio Solution File, Format Version 12.00
# Visual Studio Version 16
VisualStudioVersion = 16.0.31727.386
MinimumVisualStudioVersion = 10.0.40219.1
Project("{8BC9CEB8-8B4A-11D0-8D11-00A0C91BC942}") = "Gradebook", "Gradebook.vcxproj", "{AC7F8936-577C-4B71-95C1-9F28020EB81B}"
EndProject
Global
	GlobalSection(SolutionConfigurationPlatforms) = preSolution
		Debug|x64 = Debug|x64
		Debug|x86 = Debug|x86
		Release|x64 = Release|x64
		Release|x86 = Release|x86
	EndGlobalSection
	GlobalSection(ProjectConfigurationPlatforms) = postSolution
		{AC7F8936-577C-4B71-95C1-9F28020EB81B}.Debug|x64.ActiveCfg = Debug|x64
		{AC7F8936-577C-4B71-95C1-9F28020EB81B}.Debug|x64.Build.0 = Debug|x64
		{AC7F8936-577C-4B71-95C1-9F28020EB81B}.Debug|x86.ActiveCfg = Debug|Win32
		{AC7F8936-577C-4B71-95C1-9F28020EB81B}.Debug|x86.Build.0 = Debug|Win32
		{AC7F8936-577C-4B71-95C1-9F28020EB81B}.Release|x64.ActiveCfg = Release|x64
		{AC7F8936-577C-4B71-95C1-9F28020EB81B}.Release|x64.Build.0 = Release|x64
		{AC7F8936-577C-4B71-95C1-9F28020EB81B}.Release|x86.ActiveCfg = Release|Win32
		{AC7F8936-577C-4B71-95C1-9F28020EB81B}.Release|x86.Build.0 = Release|Win32
	EndGlobalSection
	GlobalSection(SolutionProperties) = preSolution
		HideSolutionNode = FALSE
	EndGlobalSection
	GlobalSection(ExtensibilityGlobals) = postSolution
		SolutionGuid = {35CF1B37-F272-4214-8B06-E3C7AC1DB183}
	EndGlobalSection
EndGlobal
